
Microsoft Visual Studio Solution File, Format Version 12.00
# Visual Studio Version 17
VisualStudioVersion = 17.2.32519.379
MinimumVisualStudioVersion = 10.0.40219.1
Project("{FAE04EC0-301F-11D3-BF4B-00C04F79EFBC}") = "SmartEmployee", "SmartEmployee\SmartEmployee.csproj", "{36871C82-7305-4B33-94B0-24E5FFF70D38}"
EndProject
Project("{9A19103F-16F7-4668-BE54-9A1E7A4F7556}") = "DAL", "DAL\DAL.csproj", "{2339D730-0C03-4FF6-AB04-202C63C19153}"
EndProject
Project("{9A19103F-16F7-4668-BE54-9A1E7A4F7556}") = "Entity", "Entity\Entity.csproj", "{08C5927F-1726-47F9-BFD7-865987A855B5}"
EndProject
Global
	GlobalSection(SolutionConfigurationPlatforms) = preSolution
		Debug|Any CPU = Debug|Any CPU
		Release|Any CPU = Release|Any CPU
	EndGlobalSection
	GlobalSection(ProjectConfigurationPlatforms) = postSolution
		{36871C82-7305-4B33-94B0-24E5FFF70D38}.Debug|Any CPU.ActiveCfg = Debug|Any CPU
		{36871C82-7305-4B33-94B0-24E5FFF70D38}.Debug|Any CPU.Build.0 = Debug|Any CPU
		{36871C82-7305-4B33-94B0-24E5FFF70D38}.Release|Any CPU.ActiveCfg = Release|Any CPU
		{36871C82-7305-4B33-94B0-24E5FFF70D38}.Release|Any CPU.Build.0 = Release|Any CPU
		{2339D730-0C03-4FF6-AB04-202C63C19153}.Debug|Any CPU.ActiveCfg = Debug|Any CPU
		{2339D730-0C03-4FF6-AB04-202C63C19153}.Debug|Any CPU.Build.0 = Debug|Any CPU
		{2339D730-0C03-4FF6-AB04-202C63C19153}.Release|Any CPU.ActiveCfg = Release|Any CPU
		{2339D730-0C03-4FF6-AB04-202C63C19153}.Release|Any CPU.Build.0 = Release|Any CPU
		{08C5927F-1726-47F9-BFD7-865987A855B5}.Debug|Any CPU.ActiveCfg = Debug|Any CPU
		{08C5927F-1726-47F9-BFD7-865987A855B5}.Debug|Any CPU.Build.0 = Debug|Any CPU
		{08C5927F-1726-47F9-BFD7-865987A855B5}.Release|Any CPU.ActiveCfg = Release|Any CPU
		{08C5927F-1726-47F9-BFD7-865987A855B5}.Release|Any CPU.Build.0 = Release|Any CPU
	EndGlobalSection
	GlobalSection(SolutionProperties) = preSolution
		HideSolutionNode = FALSE
	EndGlobalSection
	GlobalSection(ExtensibilityGlobals) = postSolution
		SolutionGuid = {623714A3-5703-43BE-B224-65F38C5E5150}
	EndGlobalSection
EndGlobal
